
Microsoft Visual Studio Solution File, Format Version 12.00
# Visual Studio Version 17
VisualStudioVersion = 17.2.32519.379
MinimumVisualStudioVersion = 10.0.40219.1
Project("{FAE04EC0-301F-11D3-BF4B-00C04F79EFBC}") = "signUp", "signUp\signUp.csproj", "{B578B0B4-B8D6-42A4-97DE-164A77728991}"
EndProject
Global
	GlobalSection(SolutionConfigurationPlatforms) = preSolution
		Debug|Any CPU = Debug|Any CPU
		Release|Any CPU = Release|Any CPU
	EndGlobalSection
	GlobalSection(ProjectConfigurationPlatforms) = postSolution
		{B578B0B4-B8D6-42A4-97DE-164A77728991}.Debug|Any CPU.ActiveCfg = Debug|Any CPU
		{B578B0B4-B8D6-42A4-97DE-164A77728991}.Debug|Any CPU.Build.0 = Debug|Any CPU
		{B578B0B4-B8D6-42A4-97DE-164A77728991}.Release|Any CPU.ActiveCfg = Release|Any CPU
		{B578B0B4-B8D6-42A4-97DE-164A77728991}.Release|Any CPU.Build.0 = Release|Any CPU
	EndGlobalSection
	GlobalSection(SolutionProperties) = preSolution
		HideSolutionNode = FALSE
	EndGlobalSection
	GlobalSection(ExtensibilityGlobals) = postSolution
		SolutionGuid = {BF714302-D646-4F74-8DA1-674229BC536B}
	EndGlobalSection
EndGlobal
